// !$*UTF8*$!
{
	archiveVersion = 1;
	classes = {
	};
	objectVersion = 50;
	objects = {

/* Begin PBXBuildFile section */
		83B6E49A24223D7400FF7BDA /* AppDelegate.swift in Sources */ = {isa = PBXBuildFile; fileRef = 83B6E49924223D7400FF7BDA /* AppDelegate.swift */; };
		83B6E49C24223D7400FF7BDA /* SceneDelegate.swift in Sources */ = {isa = PBXBuildFile; fileRef = 83B6E49B24223D7400FF7BDA /* SceneDelegate.swift */; };
		83B6E49E24223D7400FF7BDA /* ContentView.swift in Sources */ = {isa = PBXBuildFile; fileRef = 83B6E49D24223D7400FF7BDA /* ContentView.swift */; };
		83B6E4A024223D7800FF7BDA /* Assets.xcassets in Resources */ = {isa = PBXBuildFile; fileRef = 83B6E49F24223D7800FF7BDA /* Assets.xcassets */; };
		83B6E4A324223D7800FF7BDA /* Preview Assets.xcassets in Resources */ = {isa = PBXBuildFile; fileRef = 83B6E4A224223D7800FF7BDA /* Preview Assets.xcassets */; };
		83B6E4A624223D7800FF7BDA /* LaunchScreen.storyboard in Resources */ = {isa = PBXBuildFile; fileRef = 83B6E4A424223D7800FF7BDA /* LaunchScreen.storyboard */; };
		C95FF7ECF27C64B2ECC87779 /* Pods_reactNativeKnock.framework in Frameworks */ = {isa = PBXBuildFile; fileRef = 14A44EFBC112CFAFBA616831 /* Pods_reactNativeKnock.framework */; };
/* End PBXBuildFile section */

/* Begin PBXFileReference section */
		14A44EFBC112CFAFBA616831 /* Pods_reactNativeKnock.framework */ = {isa = PBXFileReference; explicitFileType = wrapper.framework; includeInIndex = 0; path = Pods_reactNativeKnock.framework; sourceTree = BUILT_PRODUCTS_DIR; };
		398E484A881E932CF03E433A /* Pods-reactNativeKnock.debug.xcconfig */ = {isa = PBXFileReference; includeInIndex = 1; lastKnownFileType = text.xcconfig; name = "Pods-reactNativeKnock.debug.xcconfig"; path = "Target Support Files/Pods-reactNativeKnock/Pods-reactNativeKnock.debug.xcconfig"; sourceTree = "<group>"; };
		430F245A6F3CC0B21D1AC14D /* Pods-reactNativeKnock.release.xcconfig */ = {isa = PBXFileReference; includeInIndex = 1; lastKnownFileType = text.xcconfig; name = "Pods-reactNativeKnock.release.xcconfig"; path = "Target Support Files/Pods-reactNativeKnock/Pods-reactNativeKnock.release.xcconfig"; sourceTree = "<group>"; };
		83B6E49624223D7400FF7BDA /* reactNativeKnock.app */ = {isa = PBXFileReference; explicitFileType = wrapper.application; includeInIndex = 0; path = reactNativeKnock.app; sourceTree = BUILT_PRODUCTS_DIR; };
		83B6E49924223D7400FF7BDA /* AppDelegate.swift */ = {isa = PBXFileReference; lastKnownFileType = sourcecode.swift; path = AppDelegate.swift; sourceTree = "<group>"; };
		83B6E49B24223D7400FF7BDA /* SceneDelegate.swift */ = {isa = PBXFileReference; lastKnownFileType = sourcecode.swift; path = SceneDelegate.swift; sourceTree = "<group>"; };
		83B6E49D24223D7400FF7BDA /* ContentView.swift */ = {isa = PBXFileReference; lastKnownFileType = sourcecode.swift; path = ContentView.swift; sourceTree = "<group>"; };
		83B6E49F24223D7800FF7BDA /* Assets.xcassets */ = {isa = PBXFileReference; lastKnownFileType = folder.assetcatalog; path = Assets.xcassets; sourceTree = "<group>"; };
		83B6E4A224223D7800FF7BDA /* Preview Assets.xcassets */ = {isa = PBXFileReference; lastKnownFileType = folder.assetcatalog; path = "Preview Assets.xcassets"; sourceTree = "<group>"; };
		83B6E4A524223D7800FF7BDA /* Base */ = {isa = PBXFileReference; lastKnownFileType = file.storyboard; name = Base; path = Base.lproj/LaunchScreen.storyboard; sourceTree = "<group>"; };
		83B6E4A724223D7800FF7BDA /* Info.plist */ = {isa = PBXFileReference; lastKnownFileType = text.plist.xml; path = Info.plist; sourceTree = "<group>"; };
/* End PBXFileReference section */

/* Begin PBXFrameworksBuildPhase section */
		83B6E49324223D7400FF7BDA /* Frameworks */ = {
			isa = PBXFrameworksBuildPhase;
			buildActionMask = 2147483647;
			files = (
				C95FF7ECF27C64B2ECC87779 /* Pods_reactNativeKnock.framework in Frameworks */,
			);
			runOnlyForDeploymentPostprocessing = 0;
		};
/* End PBXFrameworksBuildPhase section */

/* Begin PBXGroup section */
		83B6E48D24223D7400FF7BDA = {
			isa = PBXGroup;
			children = (
				83B6E49824223D7400FF7BDA /* reactNativeKnock */,
				83B6E49724223D7400FF7BDA /* Products */,
				9F8575AFC6240C41D0649C8C /* Pods */,
				B1BCC019BB95E98036BCF9F8 /* Frameworks */,
			);
			sourceTree = "<group>";
		};
		83B6E49724223D7400FF7BDA /* Products */ = {
			isa = PBXGroup;
			children = (
				83B6E49624223D7400FF7BDA /* reactNativeKnock.app */,
			);
			name = Products;
			sourceTree = "<group>";
		};
		83B6E49824223D7400FF7BDA /* reactNativeKnock */ = {
			isa = PBXGroup;
			children = (
				83B6E49924223D7400FF7BDA /* AppDelegate.swift */,
				83B6E49B24223D7400FF7BDA /* SceneDelegate.swift */,
				83B6E49D24223D7400FF7BDA /* ContentView.swift */,
				83B6E49F24223D7800FF7BDA /* Assets.xcassets */,
				83B6E4A424223D7800FF7BDA /* LaunchScreen.storyboard */,
				83B6E4A724223D7800FF7BDA /* Info.plist */,
				83B6E4A124223D7800FF7BDA /* Preview Content */,
			);
			path = reactNativeKnock;
			sourceTree = "<group>";
		};
		83B6E4A124223D7800FF7BDA /* Preview Content */ = {
			isa = PBXGroup;
			children = (
				83B6E4A224223D7800FF7BDA /* Preview Assets.xcassets */,
			);
			path = "Preview Content";
			sourceTree = "<group>";
		};
		9F8575AFC6240C41D0649C8C /* Pods */ = {
			isa = PBXGroup;
			children = (
				398E484A881E932CF03E433A /* Pods-reactNativeKnock.debug.xcconfig */,
				430F245A6F3CC0B21D1AC14D /* Pods-reactNativeKnock.release.xcconfig */,
			);
			name = Pods;
			path = Pods;
			sourceTree = "<group>";
		};
		B1BCC019BB95E98036BCF9F8 /* Frameworks */ = {
			isa = PBXGroup;
			children = (
				14A44EFBC112CFAFBA616831 /* Pods_reactNativeKnock.framework */,
			);
			name = Frameworks;
			sourceTree = "<group>";
		};
/* End PBXGroup section */

/* Begin PBXNativeTarget section */
		83B6E49524223D7400FF7BDA /* reactNativeKnock */ = {
			isa = PBXNativeTarget;
			buildConfigurationList = 83B6E4AA24223D7800FF7BDA /* Build configuration list for PBXNativeTarget "reactNativeKnock" */;
			buildPhases = (
				6BB1D4CF2600B4D2135D471C /* [CP] Check Pods Manifest.lock */,
				83B6E49224223D7400FF7BDA /* Sources */,
				83B6E49324223D7400FF7BDA /* Frameworks */,
				83B6E49424223D7400FF7BDA /* Resources */,
				AD8203231EE52DEB120EA72F /* [CP] Embed Pods Frameworks */,
			);
			buildRules = (
			);
			dependencies = (
			);
			name = reactNativeKnock;
			productName = reactNativeKnock;
			productReference = 83B6E49624223D7400FF7BDA /* reactNativeKnock.app */;
			productType = "com.apple.product-type.application";
		};
/* End PBXNativeTarget section */

/* Begin PBXProject section */
		83B6E48E24223D7400FF7BDA /* Project object */ = {
			isa = PBXProject;
			attributes = {
				LastSwiftUpdateCheck = 1130;
				LastUpgradeCheck = 1130;
				ORGANIZATIONNAME = "Rocco Russo";
				TargetAttributes = {
					83B6E49524223D7400FF7BDA = {
						CreatedOnToolsVersion = 11.3.1;
					};
				};
			};
			buildConfigurationList = 83B6E49124223D7400FF7BDA /* Build configuration list for PBXProject "reactNativeKnock" */;
			compatibilityVersion = "Xcode 9.3";
			developmentRegion = en;
			hasScannedForEncodings = 0;
			knownRegions = (
				en,
				Base,
			);
			mainGroup = 83B6E48D24223D7400FF7BDA;
			productRefGroup = 83B6E49724223D7400FF7BDA /* Products */;
			projectDirPath = "";
			projectRoot = "";
			targets = (
				83B6E49524223D7400FF7BDA /* reactNativeKnock */,
			);
		};
/* End PBXProject section */

/* Begin PBXResourcesBuildPhase section */
		83B6E49424223D7400FF7BDA /* Resources */ = {
			isa = PBXResourcesBuildPhase;
			buildActionMask = 2147483647;
			files = (
				83B6E4A624223D7800FF7BDA /* LaunchScreen.storyboard in Resources */,
				83B6E4A324223D7800FF7BDA /* Preview Assets.xcassets in Resources */,
				83B6E4A024223D7800FF7BDA /* Assets.xcassets in Resources */,
			);
			runOnlyForDeploymentPostprocessing = 0;
		};
/* End PBXResourcesBuildPhase section */

/* Begin PBXShellScriptBuildPhase section */
		6BB1D4CF2600B4D2135D471C /* [CP] Check Pods Manifest.lock */ = {
			isa = PBXShellScriptBuildPhase;
			buildActionMask = 2147483647;
			files = (
			);
			inputFileListPaths = (
			);
			inputPaths = (
				"${PODS_PODFILE_DIR_PATH}/Podfile.lock",
				"${PODS_ROOT}/Manifest.lock",
			);
			name = "[CP] Check Pods Manifest.lock";
			outputFileListPaths = (
			);
			outputPaths = (
				"$(DERIVED_FILE_DIR)/Pods-reactNativeKnock-checkManifestLockResult.txt",
			);
			runOnlyForDeploymentPostprocessing = 0;
			shellPath = /bin/sh;
			shellScript = "diff \"${PODS_PODFILE_DIR_PATH}/Podfile.lock\" \"${PODS_ROOT}/Manifest.lock\" > /dev/null\nif [ $? != 0 ] ; then\n    # print error to STDERR\n    echo \"error: The sandbox is not in sync with the Podfile.lock. Run 'pod install' or update your CocoaPods installation.\" >&2\n    exit 1\nfi\n# This output is used by Xcode 'outputs' to avoid re-running this script phase.\necho \"SUCCESS\" > \"${SCRIPT_OUTPUT_FILE_0}\"\n";
			showEnvVarsInLog = 0;
		};
		AD8203231EE52DEB120EA72F /* [CP] Embed Pods Frameworks */ = {
			isa = PBXShellScriptBuildPhase;
			buildActionMask = 2147483647;
			files = (
			);
			inputFileListPaths = (
				"${PODS_ROOT}/Target Support Files/Pods-reactNativeKnock/Pods-reactNativeKnock-frameworks-${CONFIGURATION}-input-files.xcfilelist",
			);
			name = "[CP] Embed Pods Frameworks";
			outputFileListPaths = (
				"${PODS_ROOT}/Target Support Files/Pods-reactNativeKnock/Pods-reactNativeKnock-frameworks-${CONFIGURATION}-output-files.xcfilelist",
			);
			runOnlyForDeploymentPostprocessing = 0;
			shellPath = /bin/sh;
			shellScript = "\"${PODS_ROOT}/Target Support Files/Pods-reactNativeKnock/Pods-reactNativeKnock-frameworks.sh\"\n";
			showEnvVarsInLog = 0;
		};
/* End PBXShellScriptBuildPhase section */

/* Begin PBXSourcesBuildPhase section */
		83B6E49224223D7400FF7BDA /* Sources */ = {
			isa = PBXSourcesBuildPhase;
			buildActionMask = 2147483647;
			files = (
				83B6E49A24223D7400FF7BDA /* AppDelegate.swift in Sources */,
				83B6E49C24223D7400FF7BDA /* SceneDelegate.swift in Sources */,
				83B6E49E24223D7400FF7BDA /* ContentView.swift in Sources */,
			);
			runOnlyForDeploymentPostprocessing = 0;
		};
/* End PBXSourcesBuildPhase section */

/* Begin PBXVariantGroup section */
		83B6E4A424223D7800FF7BDA /* LaunchScreen.storyboard */ = {
			isa = PBXVariantGroup;
			children = (
				83B6E4A524223D7800FF7BDA /* Base */,
			);
			name = LaunchScreen.storyboard;
			sourceTree = "<group>";
		};
/* End PBXVariantGroup section */

/* Begin XCBuildConfiguration section */
		83B6E4A824223D7800FF7BDA /* Debug */ = {
			isa = XCBuildConfiguration;
			buildSettings = {
				ALWAYS_SEARCH_USER_PATHS = NO;
				CLANG_ANALYZER_NONNULL = YES;
				CLANG_ANALYZER_NUMBER_OBJECT_CONVERSION = YES_AGGRESSIVE;
				CLANG_CXX_LANGUAGE_STANDARD = "gnu++14";
				CLANG_CXX_LIBRARY = "libc++";
				CLANG_ENABLE_MODULES = YES;
				CLANG_ENABLE_OBJC_ARC = YES;
				CLANG_ENABLE_OBJC_WEAK = YES;
				CLANG_WARN_BLOCK_CAPTURE_AUTORELEASING = YES;
				CLANG_WARN_BOOL_CONVERSION = YES;
				CLANG_WARN_COMMA = YES;
				CLANG_WARN_CONSTANT_CONVERSION = YES;
				CLANG_WARN_DEPRECATED_OBJC_IMPLEMENTATIONS = YES;
				CLANG_WARN_DIRECT_OBJC_ISA_USAGE = YES_ERROR;
				CLANG_WARN_DOCUMENTATION_COMMENTS = YES;
				CLANG_WARN_EMPTY_BODY = YES;
				CLANG_WARN_ENUM_CONVERSION = YES;
				CLANG_WARN_INFINITE_RECURSION = YES;
				CLANG_WARN_INT_CONVERSION = YES;
				CLANG_WARN_NON_LITERAL_NULL_CONVERSION = YES;
				CLANG_WARN_OBJC_IMPLICIT_RETAIN_SELF = YES;
				CLANG_WARN_OBJC_LITERAL_CONVERSION = YES;
				CLANG_WARN_OBJC_ROOT_CLASS = YES_ERROR;
				CLANG_WARN_RANGE_LOOP_ANALYSIS = YES;
				CLANG_WARN_STRICT_PROTOTYPES = YES;
				CLANG_WARN_SUSPICIOUS_MOVE = YES;
				CLANG_WARN_UNGUARDED_AVAILABILITY = YES_AGGRESSIVE;
				CLANG_WARN_UNREACHABLE_CODE = YES;
				CLANG_WARN__DUPLICATE_METHOD_MATCH = YES;
				COPY_PHASE_STRIP = NO;
				DEBUG_INFORMATION_FORMAT = dwarf;
				ENABLE_STRICT_OBJC_MSGSEND = YES;
				ENABLE_TESTABILITY = YES;
				GCC_C_LANGUAGE_STANDARD = gnu11;
				GCC_DYNAMIC_NO_PIC = NO;
				GCC_NO_COMMON_BLOCKS = YES;
				GCC_OPTIMIZATION_LEVEL = 0;
				GCC_PREPROCESSOR_DEFINITIONS = (
					"DEBUG=1",
					"$(inherited)",
				);
				GCC_WARN_64_TO_32_BIT_CONVERSION = YES;
				GCC_WARN_ABOUT_RETURN_TYPE = YES_ERROR;
				GCC_WARN_UNDECLARED_SELECTOR = YES;
				GCC_WARN_UNINITIALIZED_AUTOS = YES_AGGRESSIVE;
				GCC_WARN_UNUSED_FUNCTION = YES;
				GCC_WARN_UNUSED_VARIABLE = YES;
				IPHONEOS_DEPLOYMENT_TARGET = 13.2;
				MTL_ENABLE_DEBUG_INFO = INCLUDE_SOURCE;
				MTL_FAST_MATH = YES;
				ONLY_ACTIVE_ARCH = YES;
				SDKROOT = iphoneos;
				SWIFT_ACTIVE_COMPILATION_CONDITIONS = DEBUG;
				SWIFT_OPTIMIZATION_LEVEL = "-Onone";
			};
			name = Debug;
		};
		83B6E4A924223D7800FF7BDA /* Release */ = {
			isa = XCBuildConfiguration;
			buildSettings = {
				ALWAYS_SEARCH_USER_PATHS = NO;
				CLANG_ANALYZER_NONNULL = YES;
				CLANG_ANALYZER_NUMBER_OBJECT_CONVERSION = YES_AGGRESSIVE;
				CLANG_CXX_LANGUAGE_STANDARD = "gnu++14";
				CLANG_CXX_LIBRARY = "libc++";
				CLANG_ENABLE_MODULES = YES;
				CLANG_ENABLE_OBJC_ARC = YES;
				CLANG_ENABLE_OBJC_WEAK = YES;
				CLANG_WARN_BLOCK_CAPTURE_AUTORELEASING = YES;
				CLANG_WARN_BOOL_CONVERSION = YES;
				CLANG_WARN_COMMA = YES;
				CLANG_WARN_CONSTANT_CONVERSION = YES;
				CLANG_WARN_DEPRECATED_OBJC_IMPLEMENTATIONS = YES;
				CLANG_WARN_DIRECT_OBJC_ISA_USAGE = YES_ERROR;
				CLANG_WARN_DOCUMENTATION_COMMENTS = YES;
				CLANG_WARN_EMPTY_BODY = YES;
				CLANG_WARN_ENUM_CONVERSION = YES;
				CLANG_WARN_INFINITE_RECURSION = YES;
				CLANG_WARN_INT_CONVERSION = YES;
				CLANG_WARN_NON_LITERAL_NULL_CONVERSION = YES;
				CLANG_WARN_OBJC_IMPLICIT_RETAIN_SELF = YES;
				CLANG_WARN_OBJC_LITERAL_CONVERSION = YES;
				CLANG_WARN_OBJC_ROOT_CLASS = YES_ERROR;
				CLANG_WARN_RANGE_LOOP_ANALYSIS = YES;
				CLANG_WARN_STRICT_PROTOTYPES = YES;
				CLANG_WARN_SUSPICIOUS_MOVE = YES;
				CLANG_WARN_UNGUARDED_AVAILABILITY = YES_AGGRESSIVE;
				CLANG_WARN_UNREACHABLE_CODE = YES;
				CLANG_WARN__DUPLICATE_METHOD_MATCH = YES;
				COPY_PHASE_STRIP = NO;
				DEBUG_INFORMATION_FORMAT = "dwarf-with-dsym";
				ENABLE_NS_ASSERTIONS = NO;
				ENABLE_STRICT_OBJC_MSGSEND = YES;
				GCC_C_LANGUAGE_STANDARD = gnu11;
				GCC_NO_COMMON_BLOCKS = YES;
				GCC_WARN_64_TO_32_BIT_CONVERSION = YES;
				GCC_WARN_ABOUT_RETURN_TYPE = YES_ERROR;
				GCC_WARN_UNDECLARED_SELECTOR = YES;
				GCC_WARN_UNINITIALIZED_AUTOS = YES_AGGRESSIVE;
				GCC_WARN_UNUSED_FUNCTION = YES;
				GCC_WARN_UNUSED_VARIABLE = YES;
				IPHONEOS_DEPLOYMENT_TARGET = 13.2;
				MTL_ENABLE_DEBUG_INFO = NO;
				MTL_FAST_MATH = YES;
				SDKROOT = iphoneos;
				SWIFT_COMPILATION_MODE = wholemodule;
				SWIFT_OPTIMIZATION_LEVEL = "-O";
				VALIDATE_PRODUCT = YES;
			};
			name = Release;
		};
		83B6E4AB24223D7800FF7BDA /* Debug */ = {
			isa = XCBuildConfiguration;
			baseConfigurationReference = 398E484A881E932CF03E433A /* Pods-reactNativeKnock.debug.xcconfig */;
			buildSettings = {
				ASSETCATALOG_COMPILER_APPICON_NAME = AppIcon;
				CODE_SIGN_STYLE = Automatic;
				DEVELOPMENT_ASSET_PATHS = "\"reactNativeKnock/Preview Content\"";
				ENABLE_PREVIEWS = YES;
				INFOPLIST_FILE = reactNativeKnock/Info.plist;
				LD_RUNPATH_SEARCH_PATHS = (
					"$(inherited)",
					"@executable_path/Frameworks",
				);
				PRODUCT_BUNDLE_IDENTIFIER = knock.reactNativeKnock;
				PRODUCT_NAME = "$(TARGET_NAME)";
				SWIFT_VERSION = 5.0;
				TARGETED_DEVICE_FAMILY = "1,2";
			};
			name = Debug;
		};
		83B6E4AC24223D7800FF7BDA /* Release */ = {
			isa = XCBuildConfiguration;
			baseConfigurationReference = 430F245A6F3CC0B21D1AC14D /* Pods-reactNativeKnock.release.xcconfig */;
			buildSettings = {
				ASSETCATALOG_COMPILER_APPICON_NAME = AppIcon;
				CODE_SIGN_STYLE = Automatic;
				DEVELOPMENT_ASSET_PATHS = "\"reactNativeKnock/Preview Content\"";
				ENABLE_PREVIEWS = YES;
				INFOPLIST_FILE = reactNativeKnock/Info.plist;
				LD_RUNPATH_SEARCH_PATHS = (
					"$(inherited)",
					"@executable_path/Frameworks",
				);
				PRODUCT_BUNDLE_IDENTIFIER = knock.reactNativeKnock;
				PRODUCT_NAME = "$(TARGET_NAME)";
				SWIFT_VERSION = 5.0;
				TARGETED_DEVICE_FAMILY = "1,2";
			};
			name = Release;
		};
/* End XCBuildConfiguration section */

/* Begin XCConfigurationList section */
		83B6E49124223D7400FF7BDA /* Build configuration list for PBXProject "reactNativeKnock" */ = {
			isa = XCConfigurationList;
			buildConfigurations = (
				83B6E4A824223D7800FF7BDA /* Debug */,
				83B6E4A924223D7800FF7BDA /* Release */,
			);
			defaultConfigurationIsVisible = 0;
			defaultConfigurationName = Release;
		};
		83B6E4AA24223D7800FF7BDA /* Build configuration list for PBXNativeTarget "reactNativeKnock" */ = {
			isa = XCConfigurationList;
			buildConfigurations = (
				83B6E4AB24223D7800FF7BDA /* Debug */,
				83B6E4AC24223D7800FF7BDA /* Release */,
			);
			defaultConfigurationIsVisible = 0;
			defaultConfigurationName = Release;
		};
/* End XCConfigurationList section */
	};
	rootObject = 83B6E48E24223D7400FF7BDA /* Project object */;
}
